
Microsoft Visual Studio Solution File, Format Version 12.00
# Visual Studio Version 16
VisualStudioVersion = 16.0.30611.23
MinimumVisualStudioVersion = 10.0.40219.1
Project("{2150E333-8FDC-42A3-9474-1A3956D46DE8}") = "MVVM", "MVVM", "{BA0844E6-5593-4236-AC73-855FEDC9886A}"
EndProject
Project("{FAE04EC0-301F-11D3-BF4B-00C04F79EFBC}") = "MVVMGeneric", "Src\MVVM\MVVMGeneric\MVVMGeneric.csproj", "{53FFAC0B-45FE-4F5B-B277-CA5E9A8C1CCB}"
EndProject
Project("{FAE04EC0-301F-11D3-BF4B-00C04F79EFBC}") = "Pruebas", "Pruebas\Pruebas.csproj", "{F34B7B6E-24EB-4DDC-A8F3-79A4B0C9D40F}"
EndProject
Global
	GlobalSection(SolutionConfigurationPlatforms) = preSolution
		Debug|Any CPU = Debug|Any CPU
		Release|Any CPU = Release|Any CPU
	EndGlobalSection
	GlobalSection(ProjectConfigurationPlatforms) = postSolution
		{53FFAC0B-45FE-4F5B-B277-CA5E9A8C1CCB}.Debug|Any CPU.ActiveCfg = Debug|Any CPU
		{53FFAC0B-45FE-4F5B-B277-CA5E9A8C1CCB}.Debug|Any CPU.Build.0 = Debug|Any CPU
		{53FFAC0B-45FE-4F5B-B277-CA5E9A8C1CCB}.Release|Any CPU.ActiveCfg = Release|Any CPU
		{53FFAC0B-45FE-4F5B-B277-CA5E9A8C1CCB}.Release|Any CPU.Build.0 = Release|Any CPU
		{F34B7B6E-24EB-4DDC-A8F3-79A4B0C9D40F}.Debug|Any CPU.ActiveCfg = Debug|Any CPU
		{F34B7B6E-24EB-4DDC-A8F3-79A4B0C9D40F}.Debug|Any CPU.Build.0 = Debug|Any CPU
		{F34B7B6E-24EB-4DDC-A8F3-79A4B0C9D40F}.Release|Any CPU.ActiveCfg = Release|Any CPU
		{F34B7B6E-24EB-4DDC-A8F3-79A4B0C9D40F}.Release|Any CPU.Build.0 = Release|Any CPU
	EndGlobalSection
	GlobalSection(SolutionProperties) = preSolution
		HideSolutionNode = FALSE
	EndGlobalSection
	GlobalSection(NestedProjects) = preSolution
		{53FFAC0B-45FE-4F5B-B277-CA5E9A8C1CCB} = {BA0844E6-5593-4236-AC73-855FEDC9886A}
	EndGlobalSection
	GlobalSection(ExtensibilityGlobals) = postSolution
		SolutionGuid = {D9A9FE5C-4C92-4196-A8B5-8C33F3FF559E}
	EndGlobalSection
EndGlobal
